# THIS IS AN AUTOGENERATED FILE. DO NOT EDIT THIS FILE DIRECTLY.
# yarn lockfile v1


expo-localization@~15.0.3:
  version "15.0.3"
  resolved "https://registry.yarnpkg.com/expo-localization/-/expo-localization-15.0.3.tgz#772c89b3ab9c925b7eca6911a11ca33980c2b674"
  integrity sha512-IfcmlKuKRlowR9qIzL0e+nGHBeNoF7l2GQaOJstc7HZiPjNJ4J1R4D53ZNf483dt7JSkTRJBihdTadOtOEjRdg==
  dependencies:
    rtl-detect "^1.0.2"

rtl-detect@^1.0.2:
  version "1.0.4"
  resolved "https://registry.yarnpkg.com/rtl-detect/-/rtl-detect-1.0.4.tgz#40ae0ea7302a150b96bc75af7d749607392ecac6"
  integrity sha512-EBR4I2VDSSYr7PkBmFy04uhycIpDKp+21p/jARYXlCSjQksTBQcJ0HFUPOO79EPPH5JS6VAhiIQbycf0O3JAxQ==
