# THIS IS AN AUTOGENERATED FILE. DO NOT EDIT THIS FILE DIRECTLY.
# yarn lockfile v1


expo-localization@^12.0.1:
  version "12.0.1"
  resolved "https://registry.yarnpkg.com/expo-localization/-/expo-localization-12.0.1.tgz#81799920abe4f8de790da01a0d4a1c9ca63854bf"
  integrity sha512-nfTalbofqXrT8kgoFZDUxgIvs+YDmZx99IWLiKrd9jFacGn/B7KoO1f0hSAu89kmuo8DCxt53WHaqKqlytQQPg==
  dependencies:
    rtl-detect "^1.0.2"

rtl-detect@^1.0.2:
  version "1.0.4"
  resolved "https://registry.yarnpkg.com/rtl-detect/-/rtl-detect-1.0.4.tgz#40ae0ea7302a150b96bc75af7d749607392ecac6"
  integrity sha512-EBR4I2VDSSYr7PkBmFy04uhycIpDKp+21p/jARYXlCSjQksTBQcJ0HFUPOO79EPPH5JS6VAhiIQbycf0O3JAxQ==
